// !$*UTF8*$!
{
	archiveVersion = 1;
	classes = {
	};
	objectVersion = 50;
	objects = {

/* Begin PBXBuildFile section */
		E0F003F4261E26AA005074AC /* AppDelegate.swift in Sources */ = {isa = PBXBuildFile; fileRef = E0F003F3261E26AA005074AC /* AppDelegate.swift */; };
		E0F003F6261E26AA005074AC /* SceneDelegate.swift in Sources */ = {isa = PBXBuildFile; fileRef = E0F003F5261E26AA005074AC /* SceneDelegate.swift */; };
		E0F003FB261E26AA005074AC /* Main.storyboard in Resources */ = {isa = PBXBuildFile; fileRef = E0F003F9261E26AA005074AC /* Main.storyboard */; };
		E0F003FD261E26AB005074AC /* Assets.xcassets in Resources */ = {isa = PBXBuildFile; fileRef = E0F003FC261E26AB005074AC /* Assets.xcassets */; };
		E0F00400261E26AB005074AC /* LaunchScreen.storyboard in Resources */ = {isa = PBXBuildFile; fileRef = E0F003FE261E26AB005074AC /* LaunchScreen.storyboard */; };
		E0F0040F261E2C97005074AC /* Shapes.swift in Sources */ = {isa = PBXBuildFile; fileRef = E0F0040E261E2C97005074AC /* Shapes.swift */; };
		E0F8EF252630043A000CFF5C /* Game.swift in Sources */ = {isa = PBXBuildFile; fileRef = E0F8EF242630043A000CFF5C /* Game.swift */; };
		E0F9E41B262D6E0A00AF08EC /* Cards.swift in Sources */ = {isa = PBXBuildFile; fileRef = E0F9E41A262D6E0A00AF08EC /* Cards.swift */; };
		E0F9E424262D702700AF08EC /* BoardGameController.swift in Sources */ = {isa = PBXBuildFile; fileRef = E0F9E423262D702700AF08EC /* BoardGameController.swift */; };
		E0F9E429262D7C0E00AF08EC /* Card.swift in Sources */ = {isa = PBXBuildFile; fileRef = E0F9E428262D7C0E00AF08EC /* Card.swift */; };
		F97388C226342B78001E21F6 /* CardViewFactory.swift in Sources */ = {isa = PBXBuildFile; fileRef = F97388C126342B78001E21F6 /* CardViewFactory.swift */; };
/* End PBXBuildFile section */

/* Begin PBXFileReference section */
		E0F003F0261E26AA005074AC /* Cards.app */ = {isa = PBXFileReference; explicitFileType = wrapper.application; includeInIndex = 0; path = Cards.app; sourceTree = BUILT_PRODUCTS_DIR; };
		E0F003F3261E26AA005074AC /* AppDelegate.swift */ = {isa = PBXFileReference; lastKnownFileType = sourcecode.swift; path = AppDelegate.swift; sourceTree = "<group>"; };
		E0F003F5261E26AA005074AC /* SceneDelegate.swift */ = {isa = PBXFileReference; lastKnownFileType = sourcecode.swift; path = SceneDelegate.swift; sourceTree = "<group>"; };
		E0F003FA261E26AA005074AC /* Base */ = {isa = PBXFileReference; lastKnownFileType = file.storyboard; name = Base; path = Base.lproj/Main.storyboard; sourceTree = "<group>"; };
		E0F003FC261E26AB005074AC /* Assets.xcassets */ = {isa = PBXFileReference; lastKnownFileType = folder.assetcatalog; path = Assets.xcassets; sourceTree = "<group>"; };
		E0F003FF261E26AB005074AC /* Base */ = {isa = PBXFileReference; lastKnownFileType = file.storyboard; name = Base; path = Base.lproj/LaunchScreen.storyboard; sourceTree = "<group>"; };
		E0F00401261E26AB005074AC /* Info.plist */ = {isa = PBXFileReference; lastKnownFileType = text.plist.xml; path = Info.plist; sourceTree = "<group>"; };
		E0F0040E261E2C97005074AC /* Shapes.swift */ = {isa = PBXFileReference; lastKnownFileType = sourcecode.swift; path = Shapes.swift; sourceTree = "<group>"; };
		E0F8EF242630043A000CFF5C /* Game.swift */ = {isa = PBXFileReference; lastKnownFileType = sourcecode.swift; path = Game.swift; sourceTree = "<group>"; };
		E0F9E41A262D6E0A00AF08EC /* Cards.swift */ = {isa = PBXFileReference; lastKnownFileType = sourcecode.swift; path = Cards.swift; sourceTree = "<group>"; };
		E0F9E423262D702700AF08EC /* BoardGameController.swift */ = {isa = PBXFileReference; lastKnownFileType = sourcecode.swift; path = BoardGameController.swift; sourceTree = "<group>"; };
		E0F9E428262D7C0E00AF08EC /* Card.swift */ = {isa = PBXFileReference; lastKnownFileType = sourcecode.swift; path = Card.swift; sourceTree = "<group>"; };
		E0F9E42B262D806800AF08EC /* MyPlayground.playground */ = {isa = PBXFileReference; lastKnownFileType = file.playground; path = MyPlayground.playground; sourceTree = "<group>"; xcLanguageSpecificationIdentifier = xcode.lang.swift; };
		F97388C126342B78001E21F6 /* CardViewFactory.swift */ = {isa = PBXFileReference; lastKnownFileType = sourcecode.swift; path = CardViewFactory.swift; sourceTree = "<group>"; };
/* End PBXFileReference section */

/* Begin PBXFrameworksBuildPhase section */
		E0F003ED261E26AA005074AC /* Frameworks */ = {
			isa = PBXFrameworksBuildPhase;
			buildActionMask = 2147483647;
			files = (
			);
			runOnlyForDeploymentPostprocessing = 0;
		};
/* End PBXFrameworksBuildPhase section */

/* Begin PBXGroup section */
		E0F003E7261E26AA005074AC = {
			isa = PBXGroup;
			children = (
				E0F003F2261E26AA005074AC /* Cards */,
				E0F003F1261E26AA005074AC /* Products */,
			);
			sourceTree = "<group>";
		};
		E0F003F1261E26AA005074AC /* Products */ = {
			isa = PBXGroup;
			children = (
				E0F003F0261E26AA005074AC /* Cards.app */,
			);
			name = Products;
			sourceTree = "<group>";
		};
		E0F003F2261E26AA005074AC /* Cards */ = {
			isa = PBXGroup;
			children = (
				F97388C026342B68001E21F6 /* Helpers */,
				E0F9E427262D7C0400AF08EC /* Model */,
				E0F9E422262D700C00AF08EC /* Controller */,
				E0F0040D261E2C89005074AC /* View */,
				E0F003F3261E26AA005074AC /* AppDelegate.swift */,
				E0F003F5261E26AA005074AC /* SceneDelegate.swift */,
				E0F003FC261E26AB005074AC /* Assets.xcassets */,
				E0F00401261E26AB005074AC /* Info.plist */,
				E0F9E42B262D806800AF08EC /* MyPlayground.playground */,
			);
			path = Cards;
			sourceTree = "<group>";
		};
		E0F0040D261E2C89005074AC /* View */ = {
			isa = PBXGroup;
			children = (
				E0F9E421262D6F3C00AF08EC /* Storyboards */,
				E0F0040E261E2C97005074AC /* Shapes.swift */,
				E0F9E41A262D6E0A00AF08EC /* Cards.swift */,
			);
			path = View;
			sourceTree = "<group>";
		};
		E0F9E421262D6F3C00AF08EC /* Storyboards */ = {
			isa = PBXGroup;
			children = (
				E0F003F9261E26AA005074AC /* Main.storyboard */,
				E0F003FE261E26AB005074AC /* LaunchScreen.storyboard */,
			);
			path = Storyboards;
			sourceTree = "<group>";
		};
		E0F9E422262D700C00AF08EC /* Controller */ = {
			isa = PBXGroup;
			children = (
				E0F9E423262D702700AF08EC /* BoardGameController.swift */,
			);
			path = Controller;
			sourceTree = "<group>";
		};
		E0F9E427262D7C0400AF08EC /* Model */ = {
			isa = PBXGroup;
			children = (
				E0F9E428262D7C0E00AF08EC /* Card.swift */,
				E0F8EF242630043A000CFF5C /* Game.swift */,
			);
			path = Model;
			sourceTree = "<group>";
		};
		F97388C026342B68001E21F6 /* Helpers */ = {
			isa = PBXGroup;
			children = (
				F97388C126342B78001E21F6 /* CardViewFactory.swift */,
			);
			path = Helpers;
			sourceTree = "<group>";
		};
/* End PBXGroup section */

/* Begin PBXNativeTarget section */
		E0F003EF261E26AA005074AC /* Cards */ = {
			isa = PBXNativeTarget;
			buildConfigurationList = E0F00404261E26AB005074AC /* Build configuration list for PBXNativeTarget "Cards" */;
			buildPhases = (
				E0F003EC261E26AA005074AC /* Sources */,
				E0F003ED261E26AA005074AC /* Frameworks */,
				E0F003EE261E26AA005074AC /* Resources */,
			);
			buildRules = (
			);
			dependencies = (
			);
			name = Cards;
			productName = Cards;
			productReference = E0F003F0261E26AA005074AC /* Cards.app */;
			productType = "com.apple.product-type.application";
		};
/* End PBXNativeTarget section */

/* Begin PBXProject section */
		E0F003E8261E26AA005074AC /* Project object */ = {
			isa = PBXProject;
			attributes = {
				LastSwiftUpdateCheck = 1240;
				LastUpgradeCheck = 1240;
				TargetAttributes = {
					E0F003EF261E26AA005074AC = {
						CreatedOnToolsVersion = 12.4;
					};
				};
			};
			buildConfigurationList = E0F003EB261E26AA005074AC /* Build configuration list for PBXProject "Cards" */;
			compatibilityVersion = "Xcode 9.3";
			developmentRegion = en;
			hasScannedForEncodings = 0;
			knownRegions = (
				en,
				Base,
			);
			mainGroup = E0F003E7261E26AA005074AC;
			productRefGroup = E0F003F1261E26AA005074AC /* Products */;
			projectDirPath = "";
			projectRoot = "";
			targets = (
				E0F003EF261E26AA005074AC /* Cards */,
			);
		};
/* End PBXProject section */

/* Begin PBXResourcesBuildPhase section */
		E0F003EE261E26AA005074AC /* Resources */ = {
			isa = PBXResourcesBuildPhase;
			buildActionMask = 2147483647;
			files = (
				E0F00400261E26AB005074AC /* LaunchScreen.storyboard in Resources */,
				E0F003FD261E26AB005074AC /* Assets.xcassets in Resources */,
				E0F003FB261E26AA005074AC /* Main.storyboard in Resources */,
			);
			runOnlyForDeploymentPostprocessing = 0;
		};
/* End PBXResourcesBuildPhase section */

/* Begin PBXSourcesBuildPhase section */
		E0F003EC261E26AA005074AC /* Sources */ = {
			isa = PBXSourcesBuildPhase;
			buildActionMask = 2147483647;
			files = (
				E0F9E41B262D6E0A00AF08EC /* Cards.swift in Sources */,
				E0F003F4261E26AA005074AC /* AppDelegate.swift in Sources */,
				E0F9E429262D7C0E00AF08EC /* Card.swift in Sources */,
				F97388C226342B78001E21F6 /* CardViewFactory.swift in Sources */,
				E0F003F6261E26AA005074AC /* SceneDelegate.swift in Sources */,
				E0F9E424262D702700AF08EC /* BoardGameController.swift in Sources */,
				E0F0040F261E2C97005074AC /* Shapes.swift in Sources */,
				E0F8EF252630043A000CFF5C /* Game.swift in Sources */,
			);
			runOnlyForDeploymentPostprocessing = 0;
		};
/* End PBXSourcesBuildPhase section */

/* Begin PBXVariantGroup section */
		E0F003F9261E26AA005074AC /* Main.storyboard */ = {
			isa = PBXVariantGroup;
			children = (
				E0F003FA261E26AA005074AC /* Base */,
			);
			name = Main.storyboard;
			sourceTree = "<group>";
		};
		E0F003FE261E26AB005074AC /* LaunchScreen.storyboard */ = {
			isa = PBXVariantGroup;
			children = (
				E0F003FF261E26AB005074AC /* Base */,
			);
			name = LaunchScreen.storyboard;
			sourceTree = "<group>";
		};
/* End PBXVariantGroup section */

/* Begin XCBuildConfiguration section */
		E0F00402261E26AB005074AC /* Debug */ = {
			isa = XCBuildConfiguration;
			buildSettings = {
				ALWAYS_SEARCH_USER_PATHS = NO;
				CLANG_ANALYZER_NONNULL = YES;
				CLANG_ANALYZER_NUMBER_OBJECT_CONVERSION = YES_AGGRESSIVE;
				CLANG_CXX_LANGUAGE_STANDARD = "gnu++14";
				CLANG_CXX_LIBRARY = "libc++";
				CLANG_ENABLE_MODULES = YES;
				CLANG_ENABLE_OBJC_ARC = YES;
				CLANG_ENABLE_OBJC_WEAK = YES;
				CLANG_WARN_BLOCK_CAPTURE_AUTORELEASING = YES;
				CLANG_WARN_BOOL_CONVERSION = YES;
				CLANG_WARN_COMMA = YES;
				CLANG_WARN_CONSTANT_CONVERSION = YES;
				CLANG_WARN_DEPRECATED_OBJC_IMPLEMENTATIONS = YES;
				CLANG_WARN_DIRECT_OBJC_ISA_USAGE = YES_ERROR;
				CLANG_WARN_DOCUMENTATION_COMMENTS = YES;
				CLANG_WARN_EMPTY_BODY = YES;
				CLANG_WARN_ENUM_CONVERSION = YES;
				CLANG_WARN_INFINITE_RECURSION = YES;
				CLANG_WARN_INT_CONVERSION = YES;
				CLANG_WARN_NON_LITERAL_NULL_CONVERSION = YES;
				CLANG_WARN_OBJC_IMPLICIT_RETAIN_SELF = YES;
				CLANG_WARN_OBJC_LITERAL_CONVERSION = YES;
				CLANG_WARN_OBJC_ROOT_CLASS = YES_ERROR;
				CLANG_WARN_QUOTED_INCLUDE_IN_FRAMEWORK_HEADER = YES;
				CLANG_WARN_RANGE_LOOP_ANALYSIS = YES;
				CLANG_WARN_STRICT_PROTOTYPES = YES;
				CLANG_WARN_SUSPICIOUS_MOVE = YES;
				CLANG_WARN_UNGUARDED_AVAILABILITY = YES_AGGRESSIVE;
				CLANG_WARN_UNREACHABLE_CODE = YES;
				CLANG_WARN__DUPLICATE_METHOD_MATCH = YES;
				COPY_PHASE_STRIP = NO;
				DEBUG_INFORMATION_FORMAT = dwarf;
				ENABLE_STRICT_OBJC_MSGSEND = YES;
				ENABLE_TESTABILITY = YES;
				GCC_C_LANGUAGE_STANDARD = gnu11;
				GCC_DYNAMIC_NO_PIC = NO;
				GCC_NO_COMMON_BLOCKS = YES;
				GCC_OPTIMIZATION_LEVEL = 0;
				GCC_PREPROCESSOR_DEFINITIONS = (
					"DEBUG=1",
					"$(inherited)",
				);
				GCC_WARN_64_TO_32_BIT_CONVERSION = YES;
				GCC_WARN_ABOUT_RETURN_TYPE = YES_ERROR;
				GCC_WARN_UNDECLARED_SELECTOR = YES;
				GCC_WARN_UNINITIALIZED_AUTOS = YES_AGGRESSIVE;
				GCC_WARN_UNUSED_FUNCTION = YES;
				GCC_WARN_UNUSED_VARIABLE = YES;
				IPHONEOS_DEPLOYMENT_TARGET = 14.4;
				MTL_ENABLE_DEBUG_INFO = INCLUDE_SOURCE;
				MTL_FAST_MATH = YES;
				ONLY_ACTIVE_ARCH = YES;
				SDKROOT = iphoneos;
				SWIFT_ACTIVE_COMPILATION_CONDITIONS = DEBUG;
				SWIFT_OPTIMIZATION_LEVEL = "-Onone";
			};
			name = Debug;
		};
		E0F00403261E26AB005074AC /* Release */ = {
			isa = XCBuildConfiguration;
			buildSettings = {
				ALWAYS_SEARCH_USER_PATHS = NO;
				CLANG_ANALYZER_NONNULL = YES;
				CLANG_ANALYZER_NUMBER_OBJECT_CONVERSION = YES_AGGRESSIVE;
				CLANG_CXX_LANGUAGE_STANDARD = "gnu++14";
				CLANG_CXX_LIBRARY = "libc++";
				CLANG_ENABLE_MODULES = YES;
				CLANG_ENABLE_OBJC_ARC = YES;
				CLANG_ENABLE_OBJC_WEAK = YES;
				CLANG_WARN_BLOCK_CAPTURE_AUTORELEASING = YES;
				CLANG_WARN_BOOL_CONVERSION = YES;
				CLANG_WARN_COMMA = YES;
				CLANG_WARN_CONSTANT_CONVERSION = YES;
				CLANG_WARN_DEPRECATED_OBJC_IMPLEMENTATIONS = YES;
				CLANG_WARN_DIRECT_OBJC_ISA_USAGE = YES_ERROR;
				CLANG_WARN_DOCUMENTATION_COMMENTS = YES;
				CLANG_WARN_EMPTY_BODY = YES;
				CLANG_WARN_ENUM_CONVERSION = YES;
				CLANG_WARN_INFINITE_RECURSION = YES;
				CLANG_WARN_INT_CONVERSION = YES;
				CLANG_WARN_NON_LITERAL_NULL_CONVERSION = YES;
				CLANG_WARN_OBJC_IMPLICIT_RETAIN_SELF = YES;
				CLANG_WARN_OBJC_LITERAL_CONVERSION = YES;
				CLANG_WARN_OBJC_ROOT_CLASS = YES_ERROR;
				CLANG_WARN_QUOTED_INCLUDE_IN_FRAMEWORK_HEADER = YES;
				CLANG_WARN_RANGE_LOOP_ANALYSIS = YES;
				CLANG_WARN_STRICT_PROTOTYPES = YES;
				CLANG_WARN_SUSPICIOUS_MOVE = YES;
				CLANG_WARN_UNGUARDED_AVAILABILITY = YES_AGGRESSIVE;
				CLANG_WARN_UNREACHABLE_CODE = YES;
				CLANG_WARN__DUPLICATE_METHOD_MATCH = YES;
				COPY_PHASE_STRIP = NO;
				DEBUG_INFORMATION_FORMAT = "dwarf-with-dsym";
				ENABLE_NS_ASSERTIONS = NO;
				ENABLE_STRICT_OBJC_MSGSEND = YES;
				GCC_C_LANGUAGE_STANDARD = gnu11;
				GCC_NO_COMMON_BLOCKS = YES;
				GCC_WARN_64_TO_32_BIT_CONVERSION = YES;
				GCC_WARN_ABOUT_RETURN_TYPE = YES_ERROR;
				GCC_WARN_UNDECLARED_SELECTOR = YES;
				GCC_WARN_UNINITIALIZED_AUTOS = YES_AGGRESSIVE;
				GCC_WARN_UNUSED_FUNCTION = YES;
				GCC_WARN_UNUSED_VARIABLE = YES;
				IPHONEOS_DEPLOYMENT_TARGET = 14.4;
				MTL_ENABLE_DEBUG_INFO = NO;
				MTL_FAST_MATH = YES;
				SDKROOT = iphoneos;
				SWIFT_COMPILATION_MODE = wholemodule;
				SWIFT_OPTIMIZATION_LEVEL = "-O";
				VALIDATE_PRODUCT = YES;
			};
			name = Release;
		};
		E0F00405261E26AB005074AC /* Debug */ = {
			isa = XCBuildConfiguration;
			buildSettings = {
				ASSETCATALOG_COMPILER_APPICON_NAME = AppIcon;
				ASSETCATALOG_COMPILER_GLOBAL_ACCENT_COLOR_NAME = AccentColor;
				CODE_SIGN_STYLE = Automatic;
				DEVELOPMENT_TEAM = 34E923QGF6;
				INFOPLIST_FILE = Cards/Info.plist;
				IPHONEOS_DEPLOYMENT_TARGET = 14.1;
				LD_RUNPATH_SEARCH_PATHS = (
					"$(inherited)",
					"@executable_path/Frameworks",
				);
				PRODUCT_BUNDLE_IDENTIFIER = ru.swiftme.Cards;
				PRODUCT_NAME = "$(TARGET_NAME)";
				SWIFT_VERSION = 5.0;
				TARGETED_DEVICE_FAMILY = "1,2";
			};
			name = Debug;
		};
		E0F00406261E26AB005074AC /* Release */ = {
			isa = XCBuildConfiguration;
			buildSettings = {
				ASSETCATALOG_COMPILER_APPICON_NAME = AppIcon;
				ASSETCATALOG_COMPILER_GLOBAL_ACCENT_COLOR_NAME = AccentColor;
				CODE_SIGN_STYLE = Automatic;
				DEVELOPMENT_TEAM = 34E923QGF6;
				INFOPLIST_FILE = Cards/Info.plist;
				IPHONEOS_DEPLOYMENT_TARGET = 14.1;
				LD_RUNPATH_SEARCH_PATHS = (
					"$(inherited)",
					"@executable_path/Frameworks",
				);
				PRODUCT_BUNDLE_IDENTIFIER = ru.swiftme.Cards;
				PRODUCT_NAME = "$(TARGET_NAME)";
				SWIFT_VERSION = 5.0;
				TARGETED_DEVICE_FAMILY = "1,2";
			};
			name = Release;
		};
/* End XCBuildConfiguration section */

/* Begin XCConfigurationList section */
		E0F003EB261E26AA005074AC /* Build configuration list for PBXProject "Cards" */ = {
			isa = XCConfigurationList;
			buildConfigurations = (
				E0F00402261E26AB005074AC /* Debug */,
				E0F00403261E26AB005074AC /* Release */,
			);
			defaultConfigurationIsVisible = 0;
			defaultConfigurationName = Release;
		};
		E0F00404261E26AB005074AC /* Build configuration list for PBXNativeTarget "Cards" */ = {
			isa = XCConfigurationList;
			buildConfigurations = (
				E0F00405261E26AB005074AC /* Debug */,
				E0F00406261E26AB005074AC /* Release */,
			);
			defaultConfigurationIsVisible = 0;
			defaultConfigurationName = Release;
		};
/* End XCConfigurationList section */
	};
	rootObject = E0F003E8261E26AA005074AC /* Project object */;
}
